# This file is automatically @generated by Cargo.
# It is not intended for manual editing.
version = 4

[[package]]
name = "tests-in-rust"
version = "0.1.0"
dependencies = [
 "two",
]

[[package]]
name = "two"
version = "0.1.0"
source = "registry+https://github.com/rust-lang/crates.io-index"
checksum = "a915463c99fd4e9b49962e4148d8a2ab77e5a95a7a9c7256b2dc3a4353892b13"
